// !$*UTF8*$!
{
	archiveVersion = 1;
	classes = {
	};
	objectVersion = 77;
	objects = {

/* Begin PBXBuildFile section */
		0444E27D2CB2CB9B008557EB /* GStreamer.framework in Frameworks */ = {isa = PBXBuildFile; fileRef = 0444E27C2CB2CB9B008557EB /* GStreamer.framework */; };
		0444E27E2CB2CB9B008557EB /* GStreamer.framework in Embed Frameworks */ = {isa = PBXBuildFile; fileRef = 0444E27C2CB2CB9B008557EB /* GStreamer.framework */; settings = {ATTRIBUTES = (CodeSignOnCopy, RemoveHeadersOnCopy, ); }; };
/* End PBXBuildFile section */

/* Begin PBXContainerItemProxy section */
		04EAC7202CB2B857000E0E04 /* PBXContainerItemProxy */ = {
			isa = PBXContainerItemProxy;
			containerPortal = 04EAC7042CB2B855000E0E04 /* Project object */;
			proxyType = 1;
			remoteGlobalIDString = 04EAC70B2CB2B855000E0E04;
			remoteInfo = PlayerOnTelegram;
		};
		04EAC72A2CB2B857000E0E04 /* PBXContainerItemProxy */ = {
			isa = PBXContainerItemProxy;
			containerPortal = 04EAC7042CB2B855000E0E04 /* Project object */;
			proxyType = 1;
			remoteGlobalIDString = 04EAC70B2CB2B855000E0E04;
			remoteInfo = PlayerOnTelegram;
		};
/* End PBXContainerItemProxy section */

/* Begin PBXCopyFilesBuildPhase section */
		0444E27F2CB2CB9B008557EB /* Embed Frameworks */ = {
			isa = PBXCopyFilesBuildPhase;
			buildActionMask = 2147483647;
			dstPath = "";
			dstSubfolderSpec = 10;
			files = (
				0444E27E2CB2CB9B008557EB /* GStreamer.framework in Embed Frameworks */,
			);
			name = "Embed Frameworks";
			runOnlyForDeploymentPostprocessing = 0;
		};
/* End PBXCopyFilesBuildPhase section */

/* Begin PBXFileReference section */
		0444E27C2CB2CB9B008557EB /* GStreamer.framework */ = {isa = PBXFileReference; lastKnownFileType = wrapper.framework; name = GStreamer.framework; path = ../../../../Library/Frameworks/GStreamer.framework; sourceTree = "<group>"; };
		0444E2802CB2CBC6008557EB /* read.txt */ = {isa = PBXFileReference; lastKnownFileType = text; path = read.txt; sourceTree = "<group>"; };
		0444E2812CB2CC14008557EB /* GStreamerPlayer.h */ = {isa = PBXFileReference; lastKnownFileType = sourcecode.c.h; path = GStreamerPlayer.h; sourceTree = "<group>"; };
		0444E2822CB2CC27008557EB /* GStreamerPlayer.m */ = {isa = PBXFileReference; lastKnownFileType = sourcecode.c.objc; path = GStreamerPlayer.m; sourceTree = "<group>"; };
		0444E2832CB2CC37008557EB /* ViewController.h */ = {isa = PBXFileReference; lastKnownFileType = sourcecode.c.h; path = ViewController.h; sourceTree = "<group>"; };
		0444E2842CB2CC48008557EB /* ViewController.m */ = {isa = PBXFileReference; lastKnownFileType = sourcecode.c.objc; path = ViewController.m; sourceTree = "<group>"; };
		04EAC70C2CB2B855000E0E04 /* PlayerOnTelegram.app */ = {isa = PBXFileReference; explicitFileType = wrapper.application; includeInIndex = 0; path = PlayerOnTelegram.app; sourceTree = BUILT_PRODUCTS_DIR; };
		04EAC71F2CB2B857000E0E04 /* PlayerOnTelegramTests.xctest */ = {isa = PBXFileReference; explicitFileType = wrapper.cfbundle; includeInIndex = 0; path = PlayerOnTelegramTests.xctest; sourceTree = BUILT_PRODUCTS_DIR; };
		04EAC7292CB2B857000E0E04 /* PlayerOnTelegramUITests.xctest */ = {isa = PBXFileReference; explicitFileType = wrapper.cfbundle; includeInIndex = 0; path = PlayerOnTelegramUITests.xctest; sourceTree = BUILT_PRODUCTS_DIR; };
/* End PBXFileReference section */

/* Begin PBXFrameworksBuildPhase section */
		04EAC7092CB2B855000E0E04 /* Frameworks */ = {
			isa = PBXFrameworksBuildPhase;
			buildActionMask = 2147483647;
			files = (
				0444E27D2CB2CB9B008557EB /* GStreamer.framework in Frameworks */,
			);
			runOnlyForDeploymentPostprocessing = 0;
		};
		04EAC71C2CB2B857000E0E04 /* Frameworks */ = {
			isa = PBXFrameworksBuildPhase;
			buildActionMask = 2147483647;
			files = (
			);
			runOnlyForDeploymentPostprocessing = 0;
		};
		04EAC7262CB2B857000E0E04 /* Frameworks */ = {
			isa = PBXFrameworksBuildPhase;
			buildActionMask = 2147483647;
			files = (
			);
			runOnlyForDeploymentPostprocessing = 0;
		};
/* End PBXFrameworksBuildPhase section */

/* Begin PBXGroup section */
		0444E27B2CB2CB9B008557EB /* Frameworks */ = {
			isa = PBXGroup;
			children = (
				0444E27C2CB2CB9B008557EB /* GStreamer.framework */,
			);
			name = Frameworks;
			sourceTree = "<group>";
		};
		04EAC7032CB2B855000E0E04 = {
			isa = PBXGroup;
			children = (
				0444E2842CB2CC48008557EB /* ViewController.m */,
				0444E2832CB2CC37008557EB /* ViewController.h */,
				0444E2822CB2CC27008557EB /* GStreamerPlayer.m */,
				0444E2812CB2CC14008557EB /* GStreamerPlayer.h */,
				0444E2802CB2CBC6008557EB /* read.txt */,
				0444E27B2CB2CB9B008557EB /* Frameworks */,
				04EAC70D2CB2B855000E0E04 /* Products */,
			);
			sourceTree = "<group>";
		};
		04EAC70D2CB2B855000E0E04 /* Products */ = {
			isa = PBXGroup;
			children = (
				04EAC70C2CB2B855000E0E04 /* PlayerOnTelegram.app */,
				04EAC71F2CB2B857000E0E04 /* PlayerOnTelegramTests.xctest */,
				04EAC7292CB2B857000E0E04 /* PlayerOnTelegramUITests.xctest */,
			);
			name = Products;
			sourceTree = "<group>";
		};
/* End PBXGroup section */

/* Begin PBXNativeTarget section */
		04EAC70B2CB2B855000E0E04 /* PlayerOnTelegram */ = {
			isa = PBXNativeTarget;
			buildConfigurationList = 04EAC7322CB2B857000E0E04 /* Build configuration list for PBXNativeTarget "PlayerOnTelegram" */;
			buildPhases = (
				04EAC7082CB2B855000E0E04 /* Sources */,
				04EAC7092CB2B855000E0E04 /* Frameworks */,
				04EAC70A2CB2B855000E0E04 /* Resources */,
				0444E27F2CB2CB9B008557EB /* Embed Frameworks */,
			);
			buildRules = (
			);
			dependencies = (
			);
			name = PlayerOnTelegram;
			packageProductDependencies = (
			);
			productName = PlayerOnTelegram;
			productReference = 04EAC70C2CB2B855000E0E04 /* PlayerOnTelegram.app */;
			productType = "com.apple.product-type.application";
		};
		04EAC71E2CB2B857000E0E04 /* PlayerOnTelegramTests */ = {
			isa = PBXNativeTarget;
			buildConfigurationList = 04EAC7372CB2B857000E0E04 /* Build configuration list for PBXNativeTarget "PlayerOnTelegramTests" */;
			buildPhases = (
				04EAC71B2CB2B857000E0E04 /* Sources */,
				04EAC71C2CB2B857000E0E04 /* Frameworks */,
				04EAC71D2CB2B857000E0E04 /* Resources */,
			);
			buildRules = (
			);
			dependencies = (
				04EAC7212CB2B857000E0E04 /* PBXTargetDependency */,
			);
			name = PlayerOnTelegramTests;
			packageProductDependencies = (
			);
			productName = PlayerOnTelegramTests;
			productReference = 04EAC71F2CB2B857000E0E04 /* PlayerOnTelegramTests.xctest */;
			productType = "com.apple.product-type.bundle.unit-test";
		};
		04EAC7282CB2B857000E0E04 /* PlayerOnTelegramUITests */ = {
			isa = PBXNativeTarget;
			buildConfigurationList = 04EAC73A2CB2B857000E0E04 /* Build configuration list for PBXNativeTarget "PlayerOnTelegramUITests" */;
			buildPhases = (
				04EAC7252CB2B857000E0E04 /* Sources */,
				04EAC7262CB2B857000E0E04 /* Frameworks */,
				04EAC7272CB2B857000E0E04 /* Resources */,
			);
			buildRules = (
			);
			dependencies = (
				04EAC72B2CB2B857000E0E04 /* PBXTargetDependency */,
			);
			name = PlayerOnTelegramUITests;
			packageProductDependencies = (
			);
			productName = PlayerOnTelegramUITests;
			productReference = 04EAC7292CB2B857000E0E04 /* PlayerOnTelegramUITests.xctest */;
			productType = "com.apple.product-type.bundle.ui-testing";
		};
/* End PBXNativeTarget section */

/* Begin PBXProject section */
		04EAC7042CB2B855000E0E04 /* Project object */ = {
			isa = PBXProject;
			attributes = {
				BuildIndependentTargetsInParallel = 1;
				LastSwiftUpdateCheck = 1600;
				LastUpgradeCheck = 1600;
				TargetAttributes = {
					04EAC70B2CB2B855000E0E04 = {
						CreatedOnToolsVersion = 16.0;
					};
					04EAC71E2CB2B857000E0E04 = {
						CreatedOnToolsVersion = 16.0;
						TestTargetID = 04EAC70B2CB2B855000E0E04;
					};
					04EAC7282CB2B857000E0E04 = {
						CreatedOnToolsVersion = 16.0;
						TestTargetID = 04EAC70B2CB2B855000E0E04;
					};
				};
			};
			buildConfigurationList = 04EAC7072CB2B855000E0E04 /* Build configuration list for PBXProject "PlayerOnTelegram" */;
			developmentRegion = en;
			hasScannedForEncodings = 0;
			knownRegions = (
				en,
				Base,
			);
			mainGroup = 04EAC7032CB2B855000E0E04;
			minimizedProjectReferenceProxies = 1;
			preferredProjectObjectVersion = 77;
			productRefGroup = 04EAC70D2CB2B855000E0E04 /* Products */;
			projectDirPath = "";
			projectRoot = "";
			targets = (
				04EAC70B2CB2B855000E0E04 /* PlayerOnTelegram */,
				04EAC71E2CB2B857000E0E04 /* PlayerOnTelegramTests */,
				04EAC7282CB2B857000E0E04 /* PlayerOnTelegramUITests */,
			);
		};
/* End PBXProject section */

/* Begin PBXResourcesBuildPhase section */
		04EAC70A2CB2B855000E0E04 /* Resources */ = {
			isa = PBXResourcesBuildPhase;
			buildActionMask = 2147483647;
			files = (
			);
			runOnlyForDeploymentPostprocessing = 0;
		};
		04EAC71D2CB2B857000E0E04 /* Resources */ = {
			isa = PBXResourcesBuildPhase;
			buildActionMask = 2147483647;
			files = (
			);
			runOnlyForDeploymentPostprocessing = 0;
		};
		04EAC7272CB2B857000E0E04 /* Resources */ = {
			isa = PBXResourcesBuildPhase;
			buildActionMask = 2147483647;
			files = (
			);
			runOnlyForDeploymentPostprocessing = 0;
		};
/* End PBXResourcesBuildPhase section */

/* Begin PBXSourcesBuildPhase section */
		04EAC7082CB2B855000E0E04 /* Sources */ = {
			isa = PBXSourcesBuildPhase;
			buildActionMask = 2147483647;
			files = (
			);
			runOnlyForDeploymentPostprocessing = 0;
		};
		04EAC71B2CB2B857000E0E04 /* Sources */ = {
			isa = PBXSourcesBuildPhase;
			buildActionMask = 2147483647;
			files = (
			);
			runOnlyForDeploymentPostprocessing = 0;
		};
		04EAC7252CB2B857000E0E04 /* Sources */ = {
			isa = PBXSourcesBuildPhase;
			buildActionMask = 2147483647;
			files = (
			);
			runOnlyForDeploymentPostprocessing = 0;
		};
/* End PBXSourcesBuildPhase section */

/* Begin PBXTargetDependency section */
		04EAC7212CB2B857000E0E04 /* PBXTargetDependency */ = {
			isa = PBXTargetDependency;
			target = 04EAC70B2CB2B855000E0E04 /* PlayerOnTelegram */;
			targetProxy = 04EAC7202CB2B857000E0E04 /* PBXContainerItemProxy */;
		};
		04EAC72B2CB2B857000E0E04 /* PBXTargetDependency */ = {
			isa = PBXTargetDependency;
			target = 04EAC70B2CB2B855000E0E04 /* PlayerOnTelegram */;
			targetProxy = 04EAC72A2CB2B857000E0E04 /* PBXContainerItemProxy */;
		};
/* End PBXTargetDependency section */

/* Begin XCBuildConfiguration section */
		04EAC7332CB2B857000E0E04 /* Debug */ = {
			isa = XCBuildConfiguration;
			buildSettings = {
				ASSETCATALOG_COMPILER_APPICON_NAME = AppIcon;
				ASSETCATALOG_COMPILER_GLOBAL_ACCENT_COLOR_NAME = AccentColor;
				CODE_SIGN_STYLE = Automatic;
				CURRENT_PROJECT_VERSION = 1;
				DEVELOPMENT_ASSET_PATHS = "\"PlayerOnTelegram/Preview Content\"";
				ENABLE_PREVIEWS = YES;
				FRAMEWORK_SEARCH_PATHS = (
					"$(inherited)",
					"$(LOCAL_LIBRARY_DIR)/Frameworks",
				);
				GENERATE_INFOPLIST_FILE = YES;
				INFOPLIST_FILE = PlayerOnTelegram/Info.plist;
				INFOPLIST_KEY_UIApplicationSceneManifest_Generation = YES;
				INFOPLIST_KEY_UIApplicationSupportsIndirectInputEvents = YES;
				INFOPLIST_KEY_UILaunchScreen_Generation = YES;
				INFOPLIST_KEY_UISupportedInterfaceOrientations_iPad = "UIInterfaceOrientationPortrait UIInterfaceOrientationPortraitUpsideDown UIInterfaceOrientationLandscapeLeft UIInterfaceOrientationLandscapeRight";
				INFOPLIST_KEY_UISupportedInterfaceOrientations_iPhone = "UIInterfaceOrientationPortrait UIInterfaceOrientationLandscapeLeft UIInterfaceOrientationLandscapeRight";
				INFOPLIST_KEY_UISupportsDocumentBrowser = YES;
				LD_RUNPATH_SEARCH_PATHS = (
					"$(inherited)",
					"@executable_path/Frameworks",
				);
				MARKETING_VERSION = 1.0;
				PRODUCT_BUNDLE_IDENTIFIER = asmaxi.PlayerOnTelegram;
				PRODUCT_NAME = "$(TARGET_NAME)";
				SWIFT_EMIT_LOC_STRINGS = YES;
				SWIFT_VERSION = 5.0;
				TARGETED_DEVICE_FAMILY = "1,2";
			};
			name = Debug;
		};
		04EAC7342CB2B857000E0E04 /* Release */ = {
			isa = XCBuildConfiguration;
			buildSettings = {
				ASSETCATALOG_COMPILER_APPICON_NAME = AppIcon;
				ASSETCATALOG_COMPILER_GLOBAL_ACCENT_COLOR_NAME = AccentColor;
				CODE_SIGN_STYLE = Automatic;
				CURRENT_PROJECT_VERSION = 1;
				DEVELOPMENT_ASSET_PATHS = "\"PlayerOnTelegram/Preview Content\"";
				ENABLE_PREVIEWS = YES;
				FRAMEWORK_SEARCH_PATHS = (
					"$(inherited)",
					"$(LOCAL_LIBRARY_DIR)/Frameworks",
				);
				GENERATE_INFOPLIST_FILE = YES;
				INFOPLIST_FILE = PlayerOnTelegram/Info.plist;
				INFOPLIST_KEY_UIApplicationSceneManifest_Generation = YES;
				INFOPLIST_KEY_UIApplicationSupportsIndirectInputEvents = YES;
				INFOPLIST_KEY_UILaunchScreen_Generation = YES;
				INFOPLIST_KEY_UISupportedInterfaceOrientations_iPad = "UIInterfaceOrientationPortrait UIInterfaceOrientationPortraitUpsideDown UIInterfaceOrientationLandscapeLeft UIInterfaceOrientationLandscapeRight";
				INFOPLIST_KEY_UISupportedInterfaceOrientations_iPhone = "UIInterfaceOrientationPortrait UIInterfaceOrientationLandscapeLeft UIInterfaceOrientationLandscapeRight";
				INFOPLIST_KEY_UISupportsDocumentBrowser = YES;
				LD_RUNPATH_SEARCH_PATHS = (
					"$(inherited)",
					"@executable_path/Frameworks",
				);
				MARKETING_VERSION = 1.0;
				PRODUCT_BUNDLE_IDENTIFIER = asmaxi.PlayerOnTelegram;
				PRODUCT_NAME = "$(TARGET_NAME)";
				SWIFT_EMIT_LOC_STRINGS = YES;
				SWIFT_VERSION = 5.0;
				TARGETED_DEVICE_FAMILY = "1,2";
			};
			name = Release;
		};
		04EAC7352CB2B857000E0E04 /* Debug */ = {
			isa = XCBuildConfiguration;
			buildSettings = {
				ALWAYS_SEARCH_USER_PATHS = NO;
				ASSETCATALOG_COMPILER_GENERATE_SWIFT_ASSET_SYMBOL_EXTENSIONS = YES;
				CLANG_ANALYZER_NONNULL = YES;
				CLANG_ANALYZER_NUMBER_OBJECT_CONVERSION = YES_AGGRESSIVE;
				CLANG_CXX_LANGUAGE_STANDARD = "gnu++20";
				CLANG_ENABLE_MODULES = YES;
				CLANG_ENABLE_OBJC_ARC = YES;
				CLANG_ENABLE_OBJC_WEAK = YES;
				CLANG_WARN_BLOCK_CAPTURE_AUTORELEASING = YES;
				CLANG_WARN_BOOL_CONVERSION = YES;
				CLANG_WARN_COMMA = YES;
				CLANG_WARN_CONSTANT_CONVERSION = YES;
				CLANG_WARN_DEPRECATED_OBJC_IMPLEMENTATIONS = YES;
				CLANG_WARN_DIRECT_OBJC_ISA_USAGE = YES_ERROR;
				CLANG_WARN_DOCUMENTATION_COMMENTS = YES;
				CLANG_WARN_EMPTY_BODY = YES;
				CLANG_WARN_ENUM_CONVERSION = YES;
				CLANG_WARN_INFINITE_RECURSION = YES;
				CLANG_WARN_INT_CONVERSION = YES;
				CLANG_WARN_NON_LITERAL_NULL_CONVERSION = YES;
				CLANG_WARN_OBJC_IMPLICIT_RETAIN_SELF = YES;
				CLANG_WARN_OBJC_LITERAL_CONVERSION = YES;
				CLANG_WARN_OBJC_ROOT_CLASS = YES_ERROR;
				CLANG_WARN_QUOTED_INCLUDE_IN_FRAMEWORK_HEADER = YES;
				CLANG_WARN_RANGE_LOOP_ANALYSIS = YES;
				CLANG_WARN_STRICT_PROTOTYPES = YES;
				CLANG_WARN_SUSPICIOUS_MOVE = YES;
				CLANG_WARN_UNGUARDED_AVAILABILITY = YES_AGGRESSIVE;
				CLANG_WARN_UNREACHABLE_CODE = YES;
				CLANG_WARN__DUPLICATE_METHOD_MATCH = YES;
				COPY_PHASE_STRIP = NO;
				DEBUG_INFORMATION_FORMAT = dwarf;
				ENABLE_STRICT_OBJC_MSGSEND = YES;
				ENABLE_TESTABILITY = YES;
				ENABLE_USER_SCRIPT_SANDBOXING = YES;
				GCC_C_LANGUAGE_STANDARD = gnu17;
				GCC_DYNAMIC_NO_PIC = NO;
				GCC_NO_COMMON_BLOCKS = YES;
				GCC_OPTIMIZATION_LEVEL = 0;
				GCC_PREPROCESSOR_DEFINITIONS = (
					"DEBUG=1",
					"$(inherited)",
				);
				GCC_WARN_64_TO_32_BIT_CONVERSION = YES;
				GCC_WARN_ABOUT_RETURN_TYPE = YES_ERROR;
				GCC_WARN_UNDECLARED_SELECTOR = YES;
				GCC_WARN_UNINITIALIZED_AUTOS = YES_AGGRESSIVE;
				GCC_WARN_UNUSED_FUNCTION = YES;
				GCC_WARN_UNUSED_VARIABLE = YES;
				IPHONEOS_DEPLOYMENT_TARGET = 18.0;
				LOCALIZATION_PREFERS_STRING_CATALOGS = YES;
				MTL_ENABLE_DEBUG_INFO = INCLUDE_SOURCE;
				MTL_FAST_MATH = YES;
				ONLY_ACTIVE_ARCH = YES;
				SDKROOT = iphoneos;
				SWIFT_ACTIVE_COMPILATION_CONDITIONS = "DEBUG $(inherited)";
				SWIFT_OPTIMIZATION_LEVEL = "-Onone";
			};
			name = Debug;
		};
		04EAC7362CB2B857000E0E04 /* Release */ = {
			isa = XCBuildConfiguration;
			buildSettings = {
				ALWAYS_SEARCH_USER_PATHS = NO;
				ASSETCATALOG_COMPILER_GENERATE_SWIFT_ASSET_SYMBOL_EXTENSIONS = YES;
				CLANG_ANALYZER_NONNULL = YES;
				CLANG_ANALYZER_NUMBER_OBJECT_CONVERSION = YES_AGGRESSIVE;
				CLANG_CXX_LANGUAGE_STANDARD = "gnu++20";
				CLANG_ENABLE_MODULES = YES;
				CLANG_ENABLE_OBJC_ARC = YES;
				CLANG_ENABLE_OBJC_WEAK = YES;
				CLANG_WARN_BLOCK_CAPTURE_AUTORELEASING = YES;
				CLANG_WARN_BOOL_CONVERSION = YES;
				CLANG_WARN_COMMA = YES;
				CLANG_WARN_CONSTANT_CONVERSION = YES;
				CLANG_WARN_DEPRECATED_OBJC_IMPLEMENTATIONS = YES;
				CLANG_WARN_DIRECT_OBJC_ISA_USAGE = YES_ERROR;
				CLANG_WARN_DOCUMENTATION_COMMENTS = YES;
				CLANG_WARN_EMPTY_BODY = YES;
				CLANG_WARN_ENUM_CONVERSION = YES;
				CLANG_WARN_INFINITE_RECURSION = YES;
				CLANG_WARN_INT_CONVERSION = YES;
				CLANG_WARN_NON_LITERAL_NULL_CONVERSION = YES;
				CLANG_WARN_OBJC_IMPLICIT_RETAIN_SELF = YES;
				CLANG_WARN_OBJC_LITERAL_CONVERSION = YES;
				CLANG_WARN_OBJC_ROOT_CLASS = YES_ERROR;
				CLANG_WARN_QUOTED_INCLUDE_IN_FRAMEWORK_HEADER = YES;
				CLANG_WARN_RANGE_LOOP_ANALYSIS = YES;
				CLANG_WARN_STRICT_PROTOTYPES = YES;
				CLANG_WARN_SUSPICIOUS_MOVE = YES;
				CLANG_WARN_UNGUARDED_AVAILABILITY = YES_AGGRESSIVE;
				CLANG_WARN_UNREACHABLE_CODE = YES;
				CLANG_WARN__DUPLICATE_METHOD_MATCH = YES;
				COPY_PHASE_STRIP = NO;
				DEBUG_INFORMATION_FORMAT = "dwarf-with-dsym";
				ENABLE_NS_ASSERTIONS = NO;
				ENABLE_STRICT_OBJC_MSGSEND = YES;
				ENABLE_USER_SCRIPT_SANDBOXING = YES;
				GCC_C_LANGUAGE_STANDARD = gnu17;
				GCC_NO_COMMON_BLOCKS = YES;
				GCC_WARN_64_TO_32_BIT_CONVERSION = YES;
				GCC_WARN_ABOUT_RETURN_TYPE = YES_ERROR;
				GCC_WARN_UNDECLARED_SELECTOR = YES;
				GCC_WARN_UNINITIALIZED_AUTOS = YES_AGGRESSIVE;
				GCC_WARN_UNUSED_FUNCTION = YES;
				GCC_WARN_UNUSED_VARIABLE = YES;
				IPHONEOS_DEPLOYMENT_TARGET = 18.0;
				LOCALIZATION_PREFERS_STRING_CATALOGS = YES;
				MTL_ENABLE_DEBUG_INFO = NO;
				MTL_FAST_MATH = YES;
				SDKROOT = iphoneos;
				SWIFT_COMPILATION_MODE = wholemodule;
				VALIDATE_PRODUCT = YES;
			};
			name = Release;
		};
		04EAC7382CB2B857000E0E04 /* Debug */ = {
			isa = XCBuildConfiguration;
			buildSettings = {
				BUNDLE_LOADER = "$(TEST_HOST)";
				CODE_SIGN_STYLE = Automatic;
				CURRENT_PROJECT_VERSION = 1;
				GENERATE_INFOPLIST_FILE = YES;
				IPHONEOS_DEPLOYMENT_TARGET = 18.0;
				MARKETING_VERSION = 1.0;
				PRODUCT_BUNDLE_IDENTIFIER = asmaxi.PlayerOnTelegramTests;
				PRODUCT_NAME = "$(TARGET_NAME)";
				SWIFT_EMIT_LOC_STRINGS = NO;
				SWIFT_VERSION = 5.0;
				TARGETED_DEVICE_FAMILY = "1,2";
				TEST_HOST = "$(BUILT_PRODUCTS_DIR)/PlayerOnTelegram.app/$(BUNDLE_EXECUTABLE_FOLDER_PATH)/PlayerOnTelegram";
			};
			name = Debug;
		};
		04EAC7392CB2B857000E0E04 /* Release */ = {
			isa = XCBuildConfiguration;
			buildSettings = {
				BUNDLE_LOADER = "$(TEST_HOST)";
				CODE_SIGN_STYLE = Automatic;
				CURRENT_PROJECT_VERSION = 1;
				GENERATE_INFOPLIST_FILE = YES;
				IPHONEOS_DEPLOYMENT_TARGET = 18.0;
				MARKETING_VERSION = 1.0;
				PRODUCT_BUNDLE_IDENTIFIER = asmaxi.PlayerOnTelegramTests;
				PRODUCT_NAME = "$(TARGET_NAME)";
				SWIFT_EMIT_LOC_STRINGS = NO;
				SWIFT_VERSION = 5.0;
				TARGETED_DEVICE_FAMILY = "1,2";
				TEST_HOST = "$(BUILT_PRODUCTS_DIR)/PlayerOnTelegram.app/$(BUNDLE_EXECUTABLE_FOLDER_PATH)/PlayerOnTelegram";
			};
			name = Release;
		};
		04EAC73B2CB2B857000E0E04 /* Debug */ = {
			isa = XCBuildConfiguration;
			buildSettings = {
				CODE_SIGN_STYLE = Automatic;
				CURRENT_PROJECT_VERSION = 1;
				GENERATE_INFOPLIST_FILE = YES;
				MARKETING_VERSION = 1.0;
				PRODUCT_BUNDLE_IDENTIFIER = asmaxi.PlayerOnTelegramUITests;
				PRODUCT_NAME = "$(TARGET_NAME)";
				SWIFT_EMIT_LOC_STRINGS = NO;
				SWIFT_VERSION = 5.0;
				TARGETED_DEVICE_FAMILY = "1,2";
				TEST_TARGET_NAME = PlayerOnTelegram;
			};
			name = Debug;
		};
		04EAC73C2CB2B857000E0E04 /* Release */ = {
			isa = XCBuildConfiguration;
			buildSettings = {
				CODE_SIGN_STYLE = Automatic;
				CURRENT_PROJECT_VERSION = 1;
				GENERATE_INFOPLIST_FILE = YES;
				MARKETING_VERSION = 1.0;
				PRODUCT_BUNDLE_IDENTIFIER = asmaxi.PlayerOnTelegramUITests;
				PRODUCT_NAME = "$(TARGET_NAME)";
				SWIFT_EMIT_LOC_STRINGS = NO;
				SWIFT_VERSION = 5.0;
				TARGETED_DEVICE_FAMILY = "1,2";
				TEST_TARGET_NAME = PlayerOnTelegram;
			};
			name = Release;
		};
/* End XCBuildConfiguration section */

/* Begin XCConfigurationList section */
		04EAC7072CB2B855000E0E04 /* Build configuration list for PBXProject "PlayerOnTelegram" */ = {
			isa = XCConfigurationList;
			buildConfigurations = (
				04EAC7352CB2B857000E0E04 /* Debug */,
				04EAC7362CB2B857000E0E04 /* Release */,
			);
			defaultConfigurationIsVisible = 0;
			defaultConfigurationName = Release;
		};
		04EAC7322CB2B857000E0E04 /* Build configuration list for PBXNativeTarget "PlayerOnTelegram" */ = {
			isa = XCConfigurationList;
			buildConfigurations = (
				04EAC7332CB2B857000E0E04 /* Debug */,
				04EAC7342CB2B857000E0E04 /* Release */,
			);
			defaultConfigurationIsVisible = 0;
			defaultConfigurationName = Release;
		};
		04EAC7372CB2B857000E0E04 /* Build configuration list for PBXNativeTarget "PlayerOnTelegramTests" */ = {
			isa = XCConfigurationList;
			buildConfigurations = (
				04EAC7382CB2B857000E0E04 /* Debug */,
				04EAC7392CB2B857000E0E04 /* Release */,
			);
			defaultConfigurationIsVisible = 0;
			defaultConfigurationName = Release;
		};
		04EAC73A2CB2B857000E0E04 /* Build configuration list for PBXNativeTarget "PlayerOnTelegramUITests" */ = {
			isa = XCConfigurationList;
			buildConfigurations = (
				04EAC73B2CB2B857000E0E04 /* Debug */,
				04EAC73C2CB2B857000E0E04 /* Release */,
			);
			defaultConfigurationIsVisible = 0;
			defaultConfigurationName = Release;
		};
/* End XCConfigurationList section */
	};
	rootObject = 04EAC7042CB2B855000E0E04 /* Project object */;
}
